
Microsoft Visual Studio Solution File, Format Version 12.00
# Visual Studio 15
VisualStudioVersion = 15.0.27130.2010
MinimumVisualStudioVersion = 10.0.40219.1
Project("{FAE04EC0-301F-11D3-BF4B-00C04F79EFBC}") = "HelloWorld.WebAPI", "HelloWorld.WebAPI\HelloWorld.WebAPI.csproj", "{6E95AD4E-C938-4CB0-9EDE-3C7546A45700}"
EndProject
Project("{FAE04EC0-301F-11D3-BF4B-00C04F79EFBC}") = "HelloWorld.Tests", "HelloWorld.Tests\HelloWorld.Tests.csproj", "{568B3657-BBF7-45EA-AC4A-054B9858452D}"
EndProject
Project("{FAE04EC0-301F-11D3-BF4B-00C04F79EFBC}") = "HelloWorld.Services", "HelloWorld.Services\HelloWorld.Services.csproj", "{7F97E699-0A6C-48D6-B97C-7165E76EA07F}"
EndProject
Project("{FAE04EC0-301F-11D3-BF4B-00C04F79EFBC}") = "HelloWorld.Contracts", "HelloWorld.Contracts\HelloWorld.Contracts.csproj", "{67553226-C093-40C8-AB4D-200F40F7B4F9}"
EndProject
Project("{FAE04EC0-301F-11D3-BF4B-00C04F79EFBC}") = "HelloWorld.Console", "HelloWorld.Console\HelloWorld.Console.csproj", "{5FC6F375-D75C-42EA-A5B8-9DB9865523B7}"
EndProject
Global
	GlobalSection(SolutionConfigurationPlatforms) = preSolution
		Debug|Any CPU = Debug|Any CPU
		Release|Any CPU = Release|Any CPU
	EndGlobalSection
	GlobalSection(ProjectConfigurationPlatforms) = postSolution
		{6E95AD4E-C938-4CB0-9EDE-3C7546A45700}.Debug|Any CPU.ActiveCfg = Debug|Any CPU
		{6E95AD4E-C938-4CB0-9EDE-3C7546A45700}.Debug|Any CPU.Build.0 = Debug|Any CPU
		{6E95AD4E-C938-4CB0-9EDE-3C7546A45700}.Release|Any CPU.ActiveCfg = Release|Any CPU
		{6E95AD4E-C938-4CB0-9EDE-3C7546A45700}.Release|Any CPU.Build.0 = Release|Any CPU
		{568B3657-BBF7-45EA-AC4A-054B9858452D}.Debug|Any CPU.ActiveCfg = Debug|Any CPU
		{568B3657-BBF7-45EA-AC4A-054B9858452D}.Debug|Any CPU.Build.0 = Debug|Any CPU
		{568B3657-BBF7-45EA-AC4A-054B9858452D}.Release|Any CPU.ActiveCfg = Release|Any CPU
		{568B3657-BBF7-45EA-AC4A-054B9858452D}.Release|Any CPU.Build.0 = Release|Any CPU
		{7F97E699-0A6C-48D6-B97C-7165E76EA07F}.Debug|Any CPU.ActiveCfg = Debug|Any CPU
		{7F97E699-0A6C-48D6-B97C-7165E76EA07F}.Debug|Any CPU.Build.0 = Debug|Any CPU
		{7F97E699-0A6C-48D6-B97C-7165E76EA07F}.Release|Any CPU.ActiveCfg = Release|Any CPU
		{7F97E699-0A6C-48D6-B97C-7165E76EA07F}.Release|Any CPU.Build.0 = Release|Any CPU
		{67553226-C093-40C8-AB4D-200F40F7B4F9}.Debug|Any CPU.ActiveCfg = Debug|Any CPU
		{67553226-C093-40C8-AB4D-200F40F7B4F9}.Debug|Any CPU.Build.0 = Debug|Any CPU
		{67553226-C093-40C8-AB4D-200F40F7B4F9}.Release|Any CPU.ActiveCfg = Release|Any CPU
		{67553226-C093-40C8-AB4D-200F40F7B4F9}.Release|Any CPU.Build.0 = Release|Any CPU
		{5FC6F375-D75C-42EA-A5B8-9DB9865523B7}.Debug|Any CPU.ActiveCfg = Debug|Any CPU
		{5FC6F375-D75C-42EA-A5B8-9DB9865523B7}.Debug|Any CPU.Build.0 = Debug|Any CPU
		{5FC6F375-D75C-42EA-A5B8-9DB9865523B7}.Release|Any CPU.ActiveCfg = Release|Any CPU
		{5FC6F375-D75C-42EA-A5B8-9DB9865523B7}.Release|Any CPU.Build.0 = Release|Any CPU
	EndGlobalSection
	GlobalSection(SolutionProperties) = preSolution
		HideSolutionNode = FALSE
	EndGlobalSection
	GlobalSection(ExtensibilityGlobals) = postSolution
		SolutionGuid = {DE22CC79-1F3E-445B-9871-E90FC2527645}
	EndGlobalSection
EndGlobal
